
Microsoft Visual Studio Solution File, Format Version 12.00
# Visual Studio Version 16
VisualStudioVersion = 16.0.30114.105
MinimumVisualStudioVersion = 10.0.40219.1
Project("{2150E333-8FDC-42A3-9474-1A3956D46DE8}") = "BuilderPattern", "BuilderPattern", "{19CC7E8F-D10B-4FA7-A4EF-D30AC3B74F33}"
EndProject
Project("{FAE04EC0-301F-11D3-BF4B-00C04F79EFBC}") = "BuilderPattern.WithoutPattern", "BuilderPattern\BuilderPattern.WithoutPattern\BuilderPattern.WithoutPattern.csproj", "{5B709364-032C-4447-AA31-DA2E0431614E}"
EndProject
Project("{FAE04EC0-301F-11D3-BF4B-00C04F79EFBC}") = "BuilderPattern.WithPattern", "BuilderPattern\BuilderPattern.WithPattern\BuilderPattern.WithPattern.csproj", "{3E96F8A7-0D5A-4AA2-9708-106C31254EE3}"
EndProject
Project("{2150E333-8FDC-42A3-9474-1A3956D46DE8}") = "SingletonPattern", "SingletonPattern", "{195DC09F-B449-4EDE-B460-256AFA8B4162}"
EndProject
Project("{FAE04EC0-301F-11D3-BF4B-00C04F79EFBC}") = "SingletonPattern.WithoutPattern", "SingletonPattern\SingletonPattern.WithoutPattern\SingletonPattern.WithoutPattern.csproj", "{0F430F96-7D0E-40A6-BC2F-582B4887E8EE}"
EndProject
Project("{FAE04EC0-301F-11D3-BF4B-00C04F79EFBC}") = "SingletonPattern.WithPattern", "SingletonPattern\SingletonPattern.WithPattern\SingletonPattern.WithPattern.csproj", "{DC5592E9-D1DD-4A2B-93B0-61FD82F2AF16}"
EndProject
Global
	GlobalSection(SolutionConfigurationPlatforms) = preSolution
		Debug|Any CPU = Debug|Any CPU
		Release|Any CPU = Release|Any CPU
	EndGlobalSection
	GlobalSection(SolutionProperties) = preSolution
		HideSolutionNode = FALSE
	EndGlobalSection
	GlobalSection(NestedProjects) = preSolution
		{5B709364-032C-4447-AA31-DA2E0431614E} = {19CC7E8F-D10B-4FA7-A4EF-D30AC3B74F33}
		{3E96F8A7-0D5A-4AA2-9708-106C31254EE3} = {19CC7E8F-D10B-4FA7-A4EF-D30AC3B74F33}
		{0F430F96-7D0E-40A6-BC2F-582B4887E8EE} = {195DC09F-B449-4EDE-B460-256AFA8B4162}
		{DC5592E9-D1DD-4A2B-93B0-61FD82F2AF16} = {195DC09F-B449-4EDE-B460-256AFA8B4162}
	EndGlobalSection
	GlobalSection(ProjectConfigurationPlatforms) = postSolution
		{5B709364-032C-4447-AA31-DA2E0431614E}.Debug|Any CPU.ActiveCfg = Debug|Any CPU
		{5B709364-032C-4447-AA31-DA2E0431614E}.Debug|Any CPU.Build.0 = Debug|Any CPU
		{5B709364-032C-4447-AA31-DA2E0431614E}.Release|Any CPU.ActiveCfg = Release|Any CPU
		{5B709364-032C-4447-AA31-DA2E0431614E}.Release|Any CPU.Build.0 = Release|Any CPU
		{3E96F8A7-0D5A-4AA2-9708-106C31254EE3}.Debug|Any CPU.ActiveCfg = Debug|Any CPU
		{3E96F8A7-0D5A-4AA2-9708-106C31254EE3}.Debug|Any CPU.Build.0 = Debug|Any CPU
		{3E96F8A7-0D5A-4AA2-9708-106C31254EE3}.Release|Any CPU.ActiveCfg = Release|Any CPU
		{3E96F8A7-0D5A-4AA2-9708-106C31254EE3}.Release|Any CPU.Build.0 = Release|Any CPU
		{0F430F96-7D0E-40A6-BC2F-582B4887E8EE}.Debug|Any CPU.ActiveCfg = Debug|Any CPU
		{0F430F96-7D0E-40A6-BC2F-582B4887E8EE}.Debug|Any CPU.Build.0 = Debug|Any CPU
		{0F430F96-7D0E-40A6-BC2F-582B4887E8EE}.Release|Any CPU.ActiveCfg = Release|Any CPU
		{0F430F96-7D0E-40A6-BC2F-582B4887E8EE}.Release|Any CPU.Build.0 = Release|Any CPU
		{DC5592E9-D1DD-4A2B-93B0-61FD82F2AF16}.Debug|Any CPU.ActiveCfg = Debug|Any CPU
		{DC5592E9-D1DD-4A2B-93B0-61FD82F2AF16}.Debug|Any CPU.Build.0 = Debug|Any CPU
		{DC5592E9-D1DD-4A2B-93B0-61FD82F2AF16}.Release|Any CPU.ActiveCfg = Release|Any CPU
		{DC5592E9-D1DD-4A2B-93B0-61FD82F2AF16}.Release|Any CPU.Build.0 = Release|Any CPU
	EndGlobalSection
EndGlobal
