
Microsoft Visual Studio Solution File, Format Version 12.00
# Visual Studio Version 16
VisualStudioVersion = 16.0.30114.105
MinimumVisualStudioVersion = 10.0.40219.1
Project("{2150E333-8FDC-42A3-9474-1A3956D46DE8}") = "BuilderPattern", "BuilderPattern", "{19CC7E8F-D10B-4FA7-A4EF-D30AC3B74F33}"
EndProject
Project("{FAE04EC0-301F-11D3-BF4B-00C04F79EFBC}") = "BuilderPattern.WithoutPattern", "BuilderPattern\BuilderPattern.WithoutPattern\BuilderPattern.WithoutPattern.csproj", "{5B709364-032C-4447-AA31-DA2E0431614E}"
EndProject
Project("{FAE04EC0-301F-11D3-BF4B-00C04F79EFBC}") = "BuilderPattern.WithPattern", "BuilderPattern\BuilderPattern.WithPattern\BuilderPattern.WithPattern.csproj", "{3E96F8A7-0D5A-4AA2-9708-106C31254EE3}"
EndProject
Project("{2150E333-8FDC-42A3-9474-1A3956D46DE8}") = "SingletonPattern", "SingletonPattern", "{195DC09F-B449-4EDE-B460-256AFA8B4162}"
EndProject
Project("{FAE04EC0-301F-11D3-BF4B-00C04F79EFBC}") = "SingletonPattern.WithoutPattern", "SingletonPattern\SingletonPattern.WithoutPattern\SingletonPattern.WithoutPattern.csproj", "{0F430F96-7D0E-40A6-BC2F-582B4887E8EE}"
EndProject
Project("{FAE04EC0-301F-11D3-BF4B-00C04F79EFBC}") = "SingletonPattern.WithPattern", "SingletonPattern\SingletonPattern.WithPattern\SingletonPattern.WithPattern.csproj", "{DC5592E9-D1DD-4A2B-93B0-61FD82F2AF16}"
EndProject
Project("{2150E333-8FDC-42A3-9474-1A3956D46DE8}") = "FacadePattern", "FacadePattern", "{44ECB988-E3A7-48FA-B944-4F385602C6B5}"
EndProject
Project("{FAE04EC0-301F-11D3-BF4B-00C04F79EFBC}") = "FacadePattern.WithoutPattern", "FacadePattern\FacadePattern.WithoutPattern\FacadePattern.WithoutPattern.csproj", "{80530128-284E-4BF0-81DB-71EEAB30E931}"
EndProject
Project("{FAE04EC0-301F-11D3-BF4B-00C04F79EFBC}") = "FacadePattern.WithPattern", "FacadePattern\FacadePattern.WithPattern\FacadePattern.WithPattern.csproj", "{A5909690-012E-453D-9F15-C75EE427C77E}"
EndProject
Project("{2150E333-8FDC-42A3-9474-1A3956D46DE8}") = "CommandPattern", "CommandPattern", "{EBDBAC4F-4753-4D97-8BF3-180D7A2F9984}"
EndProject
Project("{FAE04EC0-301F-11D3-BF4B-00C04F79EFBC}") = "CommandPattern.WithPattern", "CommandPattern\CommandPattern.WithPattern\CommandPattern.WithPattern.csproj", "{6FB3C3EE-8A87-4723-929D-34028284527F}"
EndProject
Project("{FAE04EC0-301F-11D3-BF4B-00C04F79EFBC}") = "CommandPattern.WithoutPattern", "CommandPattern\CommandPattern.WithoutPattern\CommandPattern.WithoutPattern.csproj", "{A20254D6-F779-481D-93AC-759C68CFC26D}"
EndProject
Project("{2150E333-8FDC-42A3-9474-1A3956D46DE8}") = "DisposePattern", "DisposePattern", "{4734A65D-B4E2-476C-96ED-66029475C4C3}"
EndProject
Project("{FAE04EC0-301F-11D3-BF4B-00C04F79EFBC}") = "DisposePattern.WithoutPattern", "DisposePattern\DisposePattern.WithoutPattern\DisposePattern.WithoutPattern.csproj", "{59FDEE96-FE6E-40D2-B250-AB33A65FA2A1}"
EndProject
Project("{FAE04EC0-301F-11D3-BF4B-00C04F79EFBC}") = "DisposePattern.WithPattern", "DisposePattern\DisposePattern.WithPattern\DisposePattern.WithPattern.csproj", "{F9B11920-350C-404F-9DDF-8FA0FEAC2861}"
EndProject
Project("{2150E333-8FDC-42A3-9474-1A3956D46DE8}") = "NullObjectPattern", "NullObjectPattern", "{5FD3CAC3-5B30-49BE-B616-10B0F368BDD0}"
EndProject
Project("{FAE04EC0-301F-11D3-BF4B-00C04F79EFBC}") = "NullObjectPattern.WithoutPattern", "NullObjectPattern\NullObjectPattern.WithoutPattern\NullObjectPattern.WithoutPattern.csproj", "{657818EE-DEC8-4F62-AE6E-2854123775FD}"
EndProject
Project("{FAE04EC0-301F-11D3-BF4B-00C04F79EFBC}") = "NullObjectPattern.WithPattern", "NullObjectPattern\NullObjectPattern.WithPattern\NullObjectPattern.WithPattern.csproj", "{8E0B6A78-CF23-4B68-85B7-7B988D945890}"
EndProject
Project("{2150E333-8FDC-42A3-9474-1A3956D46DE8}") = "StrategyPattern", "StrategyPattern", "{4EB23465-463A-4D54-A219-FFAD9D620433}"
EndProject
Project("{FAE04EC0-301F-11D3-BF4B-00C04F79EFBC}") = "StrategyPattern.WithoutPattern", "StrategyPattern\StrategyPattern.WithoutPattern\StrategyPattern.WithoutPattern.csproj", "{A7D7BA17-67CD-46EA-B643-BA2F98CCAF49}"
EndProject
Project("{FAE04EC0-301F-11D3-BF4B-00C04F79EFBC}") = "StrategyPattern.WithPattern", "StrategyPattern\StrategyPattern.WithPattern\StrategyPattern.WithPattern.csproj", "{409CB34E-278B-4DA1-88FE-323AE0308A02}"
EndProject
Project("{2150E333-8FDC-42A3-9474-1A3956D46DE8}") = "ObserverPattern", "ObserverPattern", "{B9212F39-B67A-4C85-82E7-4CF3D02CC957}"
EndProject
Project("{FAE04EC0-301F-11D3-BF4B-00C04F79EFBC}") = "ObserverPattern.WithoutPattern", "ObserverPattern\ObserverPattern.WithoutPattern\ObserverPattern.WithoutPattern.csproj", "{E2086482-CBBC-4167-82CA-1F078A7E8CF9}"
EndProject
Project("{FAE04EC0-301F-11D3-BF4B-00C04F79EFBC}") = "ObserverPattern.WithPattern", "ObserverPattern\ObserverPattern.WithPattern\ObserverPattern.WithPattern.csproj", "{2E9B2E96-8A7C-4BEE-BB37-F9E25A102507}"
EndProject
Global
	GlobalSection(SolutionConfigurationPlatforms) = preSolution
		Debug|Any CPU = Debug|Any CPU
		Release|Any CPU = Release|Any CPU
	EndGlobalSection
	GlobalSection(SolutionProperties) = preSolution
		HideSolutionNode = FALSE
	EndGlobalSection
	GlobalSection(NestedProjects) = preSolution
		{5B709364-032C-4447-AA31-DA2E0431614E} = {19CC7E8F-D10B-4FA7-A4EF-D30AC3B74F33}
		{3E96F8A7-0D5A-4AA2-9708-106C31254EE3} = {19CC7E8F-D10B-4FA7-A4EF-D30AC3B74F33}
		{0F430F96-7D0E-40A6-BC2F-582B4887E8EE} = {195DC09F-B449-4EDE-B460-256AFA8B4162}
		{DC5592E9-D1DD-4A2B-93B0-61FD82F2AF16} = {195DC09F-B449-4EDE-B460-256AFA8B4162}
		{80530128-284E-4BF0-81DB-71EEAB30E931} = {44ECB988-E3A7-48FA-B944-4F385602C6B5}
		{A5909690-012E-453D-9F15-C75EE427C77E} = {44ECB988-E3A7-48FA-B944-4F385602C6B5}
		{6FB3C3EE-8A87-4723-929D-34028284527F} = {EBDBAC4F-4753-4D97-8BF3-180D7A2F9984}
		{A20254D6-F779-481D-93AC-759C68CFC26D} = {EBDBAC4F-4753-4D97-8BF3-180D7A2F9984}
		{59FDEE96-FE6E-40D2-B250-AB33A65FA2A1} = {4734A65D-B4E2-476C-96ED-66029475C4C3}
		{F9B11920-350C-404F-9DDF-8FA0FEAC2861} = {4734A65D-B4E2-476C-96ED-66029475C4C3}
		{657818EE-DEC8-4F62-AE6E-2854123775FD} = {5FD3CAC3-5B30-49BE-B616-10B0F368BDD0}
		{8E0B6A78-CF23-4B68-85B7-7B988D945890} = {5FD3CAC3-5B30-49BE-B616-10B0F368BDD0}
		{A7D7BA17-67CD-46EA-B643-BA2F98CCAF49} = {4EB23465-463A-4D54-A219-FFAD9D620433}
		{409CB34E-278B-4DA1-88FE-323AE0308A02} = {4EB23465-463A-4D54-A219-FFAD9D620433}
		{E2086482-CBBC-4167-82CA-1F078A7E8CF9} = {B9212F39-B67A-4C85-82E7-4CF3D02CC957}
		{2E9B2E96-8A7C-4BEE-BB37-F9E25A102507} = {B9212F39-B67A-4C85-82E7-4CF3D02CC957}
	EndGlobalSection
	GlobalSection(ProjectConfigurationPlatforms) = postSolution
		{5B709364-032C-4447-AA31-DA2E0431614E}.Debug|Any CPU.ActiveCfg = Debug|Any CPU
		{5B709364-032C-4447-AA31-DA2E0431614E}.Debug|Any CPU.Build.0 = Debug|Any CPU
		{5B709364-032C-4447-AA31-DA2E0431614E}.Release|Any CPU.ActiveCfg = Release|Any CPU
		{5B709364-032C-4447-AA31-DA2E0431614E}.Release|Any CPU.Build.0 = Release|Any CPU
		{3E96F8A7-0D5A-4AA2-9708-106C31254EE3}.Debug|Any CPU.ActiveCfg = Debug|Any CPU
		{3E96F8A7-0D5A-4AA2-9708-106C31254EE3}.Debug|Any CPU.Build.0 = Debug|Any CPU
		{3E96F8A7-0D5A-4AA2-9708-106C31254EE3}.Release|Any CPU.ActiveCfg = Release|Any CPU
		{3E96F8A7-0D5A-4AA2-9708-106C31254EE3}.Release|Any CPU.Build.0 = Release|Any CPU
		{0F430F96-7D0E-40A6-BC2F-582B4887E8EE}.Debug|Any CPU.ActiveCfg = Debug|Any CPU
		{0F430F96-7D0E-40A6-BC2F-582B4887E8EE}.Debug|Any CPU.Build.0 = Debug|Any CPU
		{0F430F96-7D0E-40A6-BC2F-582B4887E8EE}.Release|Any CPU.ActiveCfg = Release|Any CPU
		{0F430F96-7D0E-40A6-BC2F-582B4887E8EE}.Release|Any CPU.Build.0 = Release|Any CPU
		{DC5592E9-D1DD-4A2B-93B0-61FD82F2AF16}.Debug|Any CPU.ActiveCfg = Debug|Any CPU
		{DC5592E9-D1DD-4A2B-93B0-61FD82F2AF16}.Debug|Any CPU.Build.0 = Debug|Any CPU
		{DC5592E9-D1DD-4A2B-93B0-61FD82F2AF16}.Release|Any CPU.ActiveCfg = Release|Any CPU
		{DC5592E9-D1DD-4A2B-93B0-61FD82F2AF16}.Release|Any CPU.Build.0 = Release|Any CPU
		{80530128-284E-4BF0-81DB-71EEAB30E931}.Debug|Any CPU.ActiveCfg = Debug|Any CPU
		{80530128-284E-4BF0-81DB-71EEAB30E931}.Debug|Any CPU.Build.0 = Debug|Any CPU
		{80530128-284E-4BF0-81DB-71EEAB30E931}.Release|Any CPU.ActiveCfg = Release|Any CPU
		{80530128-284E-4BF0-81DB-71EEAB30E931}.Release|Any CPU.Build.0 = Release|Any CPU
		{A5909690-012E-453D-9F15-C75EE427C77E}.Debug|Any CPU.ActiveCfg = Debug|Any CPU
		{A5909690-012E-453D-9F15-C75EE427C77E}.Debug|Any CPU.Build.0 = Debug|Any CPU
		{A5909690-012E-453D-9F15-C75EE427C77E}.Release|Any CPU.ActiveCfg = Release|Any CPU
		{A5909690-012E-453D-9F15-C75EE427C77E}.Release|Any CPU.Build.0 = Release|Any CPU
		{6FB3C3EE-8A87-4723-929D-34028284527F}.Debug|Any CPU.ActiveCfg = Debug|Any CPU
		{6FB3C3EE-8A87-4723-929D-34028284527F}.Debug|Any CPU.Build.0 = Debug|Any CPU
		{6FB3C3EE-8A87-4723-929D-34028284527F}.Release|Any CPU.ActiveCfg = Release|Any CPU
		{6FB3C3EE-8A87-4723-929D-34028284527F}.Release|Any CPU.Build.0 = Release|Any CPU
		{A20254D6-F779-481D-93AC-759C68CFC26D}.Debug|Any CPU.ActiveCfg = Debug|Any CPU
		{A20254D6-F779-481D-93AC-759C68CFC26D}.Debug|Any CPU.Build.0 = Debug|Any CPU
		{A20254D6-F779-481D-93AC-759C68CFC26D}.Release|Any CPU.ActiveCfg = Release|Any CPU
		{A20254D6-F779-481D-93AC-759C68CFC26D}.Release|Any CPU.Build.0 = Release|Any CPU
		{59FDEE96-FE6E-40D2-B250-AB33A65FA2A1}.Debug|Any CPU.ActiveCfg = Debug|Any CPU
		{59FDEE96-FE6E-40D2-B250-AB33A65FA2A1}.Debug|Any CPU.Build.0 = Debug|Any CPU
		{59FDEE96-FE6E-40D2-B250-AB33A65FA2A1}.Release|Any CPU.ActiveCfg = Release|Any CPU
		{59FDEE96-FE6E-40D2-B250-AB33A65FA2A1}.Release|Any CPU.Build.0 = Release|Any CPU
		{F9B11920-350C-404F-9DDF-8FA0FEAC2861}.Debug|Any CPU.ActiveCfg = Debug|Any CPU
		{F9B11920-350C-404F-9DDF-8FA0FEAC2861}.Debug|Any CPU.Build.0 = Debug|Any CPU
		{F9B11920-350C-404F-9DDF-8FA0FEAC2861}.Release|Any CPU.ActiveCfg = Release|Any CPU
		{F9B11920-350C-404F-9DDF-8FA0FEAC2861}.Release|Any CPU.Build.0 = Release|Any CPU
		{657818EE-DEC8-4F62-AE6E-2854123775FD}.Debug|Any CPU.ActiveCfg = Debug|Any CPU
		{657818EE-DEC8-4F62-AE6E-2854123775FD}.Debug|Any CPU.Build.0 = Debug|Any CPU
		{657818EE-DEC8-4F62-AE6E-2854123775FD}.Release|Any CPU.ActiveCfg = Release|Any CPU
		{657818EE-DEC8-4F62-AE6E-2854123775FD}.Release|Any CPU.Build.0 = Release|Any CPU
		{8E0B6A78-CF23-4B68-85B7-7B988D945890}.Debug|Any CPU.ActiveCfg = Debug|Any CPU
		{8E0B6A78-CF23-4B68-85B7-7B988D945890}.Debug|Any CPU.Build.0 = Debug|Any CPU
		{8E0B6A78-CF23-4B68-85B7-7B988D945890}.Release|Any CPU.ActiveCfg = Release|Any CPU
		{8E0B6A78-CF23-4B68-85B7-7B988D945890}.Release|Any CPU.Build.0 = Release|Any CPU
		{A7D7BA17-67CD-46EA-B643-BA2F98CCAF49}.Debug|Any CPU.ActiveCfg = Debug|Any CPU
		{A7D7BA17-67CD-46EA-B643-BA2F98CCAF49}.Debug|Any CPU.Build.0 = Debug|Any CPU
		{A7D7BA17-67CD-46EA-B643-BA2F98CCAF49}.Release|Any CPU.ActiveCfg = Release|Any CPU
		{A7D7BA17-67CD-46EA-B643-BA2F98CCAF49}.Release|Any CPU.Build.0 = Release|Any CPU
		{409CB34E-278B-4DA1-88FE-323AE0308A02}.Debug|Any CPU.ActiveCfg = Debug|Any CPU
		{409CB34E-278B-4DA1-88FE-323AE0308A02}.Debug|Any CPU.Build.0 = Debug|Any CPU
		{409CB34E-278B-4DA1-88FE-323AE0308A02}.Release|Any CPU.ActiveCfg = Release|Any CPU
		{409CB34E-278B-4DA1-88FE-323AE0308A02}.Release|Any CPU.Build.0 = Release|Any CPU
		{E2086482-CBBC-4167-82CA-1F078A7E8CF9}.Debug|Any CPU.ActiveCfg = Debug|Any CPU
		{E2086482-CBBC-4167-82CA-1F078A7E8CF9}.Debug|Any CPU.Build.0 = Debug|Any CPU
		{E2086482-CBBC-4167-82CA-1F078A7E8CF9}.Release|Any CPU.ActiveCfg = Release|Any CPU
		{E2086482-CBBC-4167-82CA-1F078A7E8CF9}.Release|Any CPU.Build.0 = Release|Any CPU
		{2E9B2E96-8A7C-4BEE-BB37-F9E25A102507}.Debug|Any CPU.ActiveCfg = Debug|Any CPU
		{2E9B2E96-8A7C-4BEE-BB37-F9E25A102507}.Debug|Any CPU.Build.0 = Debug|Any CPU
		{2E9B2E96-8A7C-4BEE-BB37-F9E25A102507}.Release|Any CPU.ActiveCfg = Release|Any CPU
		{2E9B2E96-8A7C-4BEE-BB37-F9E25A102507}.Release|Any CPU.Build.0 = Release|Any CPU
	EndGlobalSection
EndGlobal
